
Microsoft Visual Studio Solution File, Format Version 12.00
# Visual Studio Version 17
VisualStudioVersion = 17.11.35222.181
MinimumVisualStudioVersion = 10.0.40219.1
Project("{9A19103F-16F7-4668-BE54-9A1E7A4F7556}") = "pr1", "pr1\pr1.csproj", "{2B8EBBFD-91D2-4D24-9683-6905D647FA1B}"
EndProject
Global
	GlobalSection(SolutionConfigurationPlatforms) = preSolution
		Debug|Any CPU = Debug|Any CPU
		Release|Any CPU = Release|Any CPU
	EndGlobalSection
	GlobalSection(ProjectConfigurationPlatforms) = postSolution
		{2B8EBBFD-91D2-4D24-9683-6905D647FA1B}.Debug|Any CPU.ActiveCfg = Debug|Any CPU
		{2B8EBBFD-91D2-4D24-9683-6905D647FA1B}.Debug|Any CPU.Build.0 = Debug|Any CPU
		{2B8EBBFD-91D2-4D24-9683-6905D647FA1B}.Release|Any CPU.ActiveCfg = Release|Any CPU
		{2B8EBBFD-91D2-4D24-9683-6905D647FA1B}.Release|Any CPU.Build.0 = Release|Any CPU
	EndGlobalSection
	GlobalSection(SolutionProperties) = preSolution
		HideSolutionNode = FALSE
	EndGlobalSection
	GlobalSection(ExtensibilityGlobals) = postSolution
		SolutionGuid = {4A2B492C-A56B-4DAA-8DB2-2E49B2FCACB9}
	EndGlobalSection
EndGlobal
